{
  "version": 4,
  "terraform_version": "1.3.9",
  "serial": 32,
  "lineage": "5a20bb67-f1af-7f92-a7a8-0c32600c7487",
  "outputs": {
    "sql_server_name": {
      "value": "lolsqlserverworks",
      "type": "string"
    }
  },
  "resources": [
    {
      "mode": "managed",
      "type": "azurerm_app_service_plan",
      "name": "service_plan",
      "provider": "provider[\"registry.terraform.io/hashicorp/azurerm\"]",
      "instances": [
        {
          "schema_version": 0,
          "attributes": {
            "app_service_environment_id": "",
            "id": "/subscriptions/4db1c208-2f01-40b7-bd34-d41e633d409b/resourceGroups/Baghlava/providers/Microsoft.Web/serverfarms/test-app-baghlava",
            "is_xenon": false,
            "kind": "FunctionApp",
            "location": "westus3",
            "maximum_elastic_worker_count": 1,
            "maximum_number_of_workers": 10,
            "name": "test-app-baghlava",
            "per_site_scaling": false,
            "reserved": false,
            "resource_group_name": "Baghlava",
            "sku": [
              {
                "capacity": 1,
                "size": "S1",
                "tier": "Standard"
              }
            ],
            "tags": null,
            "timeouts": null
          },
          "sensitive_attributes": [],
          "private": "eyJlMmJmYjczMC1lY2FhLTExZTYtOGY4OC0zNDM2M2JjN2M0YzAiOnsiY3JlYXRlIjozNjAwMDAwMDAwMDAwLCJkZWxldGUiOjM2MDAwMDAwMDAwMDAsInJlYWQiOjMwMDAwMDAwMDAwMCwidXBkYXRlIjozNjAwMDAwMDAwMDAwfX0=",
          "dependencies": [
            "azurerm_resource_group.rg"
          ]
        }
      ]
    },
    {
      "mode": "managed",
      "type": "azurerm_function_app",
      "name": "function_app",
      "provider": "provider[\"registry.terraform.io/hashicorp/azurerm\"]",
      "instances": [
        {
          "index_key": 0,
          "schema_version": 0,
          "attributes": {
            "app_service_plan_id": "/subscriptions/4db1c208-2f01-40b7-bd34-d41e633d409b/resourceGroups/Baghlava/providers/Microsoft.Web/serverfarms/test-app-baghlava",
            "app_settings": {},
            "auth_settings": [
              {
                "active_directory": [],
                "additional_login_params": {},
                "allowed_external_redirect_urls": [],
                "default_provider": "",
                "enabled": false,
                "facebook": [],
                "google": [],
                "issuer": "",
                "microsoft": [],
                "runtime_version": "",
                "token_refresh_extension_hours": 0,
                "token_store_enabled": false,
                "twitter": [],
                "unauthenticated_client_action": ""
              }
            ],
            "client_affinity_enabled": false,
            "client_cert_mode": "",
            "connection_string": [],
            "custom_domain_verification_id": "A22FF1E9DF30454F9FF9956D9843C6277BCFF3E3B2599F3DFB6C8EF24F80393D",
            "daily_memory_time_quota": 0,
            "default_hostname": "function-baghlava-1.azurewebsites.net",
            "enable_builtin_logging": true,
            "enabled": true,
            "https_only": false,
            "id": "/subscriptions/4db1c208-2f01-40b7-bd34-d41e633d409b/resourceGroups/Baghlava/providers/Microsoft.Web/sites/function-baghlava-1",
            "identity": [],
            "kind": "functionapp",
            "location": "westus3",
            "name": "function-baghlava-1",
            "os_type": "",
            "outbound_ip_addresses": "20.14.114.8,20.14.114.65,20.14.114.106,20.14.116.47,20.14.116.68,20.14.116.142,20.118.138.131",
            "possible_outbound_ip_addresses": "20.14.114.8,20.14.114.65,20.14.114.106,20.14.116.47,20.14.116.68,20.14.116.142,20.14.116.204,20.14.116.231,20.14.116.252,20.14.115.100,20.14.117.99,20.14.117.250,20.14.118.41,20.14.118.88,20.14.118.116,20.14.118.126,20.14.118.164,20.14.118.180,20.125.107.218,20.14.118.241,20.14.119.33,20.14.119.110,20.14.119.135,20.14.1.124,20.125.108.210,20.14.113.229,20.14.114.7,20.14.114.69,20.14.117.236,20.14.117.237,20.118.138.131",
            "resource_group_name": "Baghlava",
            "site_config": [
              {
                "always_on": false,
                "auto_swap_slot_name": "",
                "cors": [],
                "ftps_state": "AllAllowed",
                "health_check_path": "",
                "http2_enabled": false,
                "ip_restriction": [],
                "java_version": "",
                "linux_fx_version": "",
                "min_tls_version": "1.2",
                "pre_warmed_instance_count": 0,
                "scm_ip_restriction": [],
                "scm_type": "None",
                "scm_use_main_ip_restriction": false,
                "use_32_bit_worker_process": true,
                "websockets_enabled": false
              }
            ],
            "site_credential": [
              {
                "password": "87MBQcN8x6t0h8sru3n1386KSWi4Pn6RZkXa3vPwHKrta3dqTtSgAdHAFjhZ",
                "username": "$function-baghlava-1"
              }
            ],
            "source_control": [
              {
                "branch": "master",
                "manual_integration": false,
                "repo_url": "",
                "rollback_enabled": false,
                "use_mercurial": false
              }
            ],
            "storage_account_access_key": "passwordbaghlava",
            "storage_account_name": "testaccount",
            "storage_connection_string": "DefaultEndpointsProtocol=https;AccountName=testaccount;AccountKey=passwordbaghlava;EndpointSuffix=core.windows.net",
            "tags": null,
            "timeouts": null,
            "version": "~1"
          },
          "sensitive_attributes": [],
          "private": "eyJlMmJmYjczMC1lY2FhLTExZTYtOGY4OC0zNDM2M2JjN2M0YzAiOnsiY3JlYXRlIjoxODAwMDAwMDAwMDAwLCJkZWxldGUiOjE4MDAwMDAwMDAwMDAsInJlYWQiOjMwMDAwMDAwMDAwMCwidXBkYXRlIjoxODAwMDAwMDAwMDAwfX0=",
          "dependencies": [
            "azurerm_app_service_plan.service_plan",
            "azurerm_resource_group.rg"
          ]
        },
        {
          "index_key": 1,
          "schema_version": 0,
          "attributes": {
            "app_service_plan_id": "/subscriptions/4db1c208-2f01-40b7-bd34-d41e633d409b/resourceGroups/Baghlava/providers/Microsoft.Web/serverfarms/test-app-baghlava",
            "app_settings": {},
            "auth_settings": [
              {
                "active_directory": [],
                "additional_login_params": {},
                "allowed_external_redirect_urls": [],
                "default_provider": "",
                "enabled": false,
                "facebook": [],
                "google": [],
                "issuer": "",
                "microsoft": [],
                "runtime_version": "",
                "token_refresh_extension_hours": 0,
                "token_store_enabled": false,
                "twitter": [],
                "unauthenticated_client_action": ""
              }
            ],
            "client_affinity_enabled": false,
            "client_cert_mode": "",
            "connection_string": [],
            "custom_domain_verification_id": "A22FF1E9DF30454F9FF9956D9843C6277BCFF3E3B2599F3DFB6C8EF24F80393D",
            "daily_memory_time_quota": 0,
            "default_hostname": "function-baghlava-2.azurewebsites.net",
            "enable_builtin_logging": true,
            "enabled": true,
            "https_only": false,
            "id": "/subscriptions/4db1c208-2f01-40b7-bd34-d41e633d409b/resourceGroups/Baghlava/providers/Microsoft.Web/sites/function-baghlava-2",
            "identity": [],
            "kind": "functionapp",
            "location": "westus3",
            "name": "function-baghlava-2",
            "os_type": "",
            "outbound_ip_addresses": "20.14.114.8,20.14.114.65,20.14.114.106,20.14.116.47,20.14.116.68,20.14.116.142,20.118.138.131",
            "possible_outbound_ip_addresses": "20.14.114.8,20.14.114.65,20.14.114.106,20.14.116.47,20.14.116.68,20.14.116.142,20.14.116.204,20.14.116.231,20.14.116.252,20.14.115.100,20.14.117.99,20.14.117.250,20.14.118.41,20.14.118.88,20.14.118.116,20.14.118.126,20.14.118.164,20.14.118.180,20.125.107.218,20.14.118.241,20.14.119.33,20.14.119.110,20.14.119.135,20.14.1.124,20.125.108.210,20.14.113.229,20.14.114.7,20.14.114.69,20.14.117.236,20.14.117.237,20.118.138.131",
            "resource_group_name": "Baghlava",
            "site_config": [
              {
                "always_on": false,
                "auto_swap_slot_name": "",
                "cors": [],
                "ftps_state": "AllAllowed",
                "health_check_path": "",
                "http2_enabled": false,
                "ip_restriction": [],
                "java_version": "",
                "linux_fx_version": "",
                "min_tls_version": "1.2",
                "pre_warmed_instance_count": 0,
                "scm_ip_restriction": [],
                "scm_type": "None",
                "scm_use_main_ip_restriction": false,
                "use_32_bit_worker_process": true,
                "websockets_enabled": false
              }
            ],
            "site_credential": [
              {
                "password": "hAt1hoFpXc1cJGtbt3CALxeLAS4N66FjjCYu9XsjohC9i5KD0BP1mK0f0o68",
                "username": "$function-baghlava-2"
              }
            ],
            "source_control": [
              {
                "branch": "master",
                "manual_integration": false,
                "repo_url": "",
                "rollback_enabled": false,
                "use_mercurial": false
              }
            ],
            "storage_account_access_key": "passwordbaghlava",
            "storage_account_name": "testaccount",
            "storage_connection_string": "DefaultEndpointsProtocol=https;AccountName=testaccount;AccountKey=passwordbaghlava;EndpointSuffix=core.windows.net",
            "tags": null,
            "timeouts": null,
            "version": "~1"
          },
          "sensitive_attributes": [],
          "private": "eyJlMmJmYjczMC1lY2FhLTExZTYtOGY4OC0zNDM2M2JjN2M0YzAiOnsiY3JlYXRlIjoxODAwMDAwMDAwMDAwLCJkZWxldGUiOjE4MDAwMDAwMDAwMDAsInJlYWQiOjMwMDAwMDAwMDAwMCwidXBkYXRlIjoxODAwMDAwMDAwMDAwfX0=",
          "dependencies": [
            "azurerm_app_service_plan.service_plan",
            "azurerm_resource_group.rg"
          ]
        },
        {
          "index_key": 2,
          "schema_version": 0,
          "attributes": {
            "app_service_plan_id": "/subscriptions/4db1c208-2f01-40b7-bd34-d41e633d409b/resourceGroups/Baghlava/providers/Microsoft.Web/serverfarms/test-app-baghlava",
            "app_settings": {},
            "auth_settings": [
              {
                "active_directory": [],
                "additional_login_params": {},
                "allowed_external_redirect_urls": [],
                "default_provider": "",
                "enabled": false,
                "facebook": [],
                "google": [],
                "issuer": "",
                "microsoft": [],
                "runtime_version": "",
                "token_refresh_extension_hours": 0,
                "token_store_enabled": false,
                "twitter": [],
                "unauthenticated_client_action": ""
              }
            ],
            "client_affinity_enabled": false,
            "client_cert_mode": "",
            "connection_string": [],
            "custom_domain_verification_id": "A22FF1E9DF30454F9FF9956D9843C6277BCFF3E3B2599F3DFB6C8EF24F80393D",
            "daily_memory_time_quota": 0,
            "default_hostname": "function-baghlava-3.azurewebsites.net",
            "enable_builtin_logging": true,
            "enabled": true,
            "https_only": false,
            "id": "/subscriptions/4db1c208-2f01-40b7-bd34-d41e633d409b/resourceGroups/Baghlava/providers/Microsoft.Web/sites/function-baghlava-3",
            "identity": [],
            "kind": "functionapp",
            "location": "westus3",
            "name": "function-baghlava-3",
            "os_type": "",
            "outbound_ip_addresses": "20.14.114.8,20.14.114.65,20.14.114.106,20.14.116.47,20.14.116.68,20.14.116.142,20.118.138.131",
            "possible_outbound_ip_addresses": "20.14.114.8,20.14.114.65,20.14.114.106,20.14.116.47,20.14.116.68,20.14.116.142,20.14.116.204,20.14.116.231,20.14.116.252,20.14.115.100,20.14.117.99,20.14.117.250,20.14.118.41,20.14.118.88,20.14.118.116,20.14.118.126,20.14.118.164,20.14.118.180,20.125.107.218,20.14.118.241,20.14.119.33,20.14.119.110,20.14.119.135,20.14.1.124,20.125.108.210,20.14.113.229,20.14.114.7,20.14.114.69,20.14.117.236,20.14.117.237,20.118.138.131",
            "resource_group_name": "Baghlava",
            "site_config": [
              {
                "always_on": false,
                "auto_swap_slot_name": "",
                "cors": [],
                "ftps_state": "AllAllowed",
                "health_check_path": "",
                "http2_enabled": false,
                "ip_restriction": [],
                "java_version": "",
                "linux_fx_version": "",
                "min_tls_version": "1.2",
                "pre_warmed_instance_count": 0,
                "scm_ip_restriction": [],
                "scm_type": "None",
                "scm_use_main_ip_restriction": false,
                "use_32_bit_worker_process": true,
                "websockets_enabled": false
              }
            ],
            "site_credential": [
              {
                "password": "q2Kmwj6p5YwfybePSGMtPmzryTcfg7qNJXwso9KAuyu65BmwPp2ouNf7DFxk",
                "username": "$function-baghlava-3"
              }
            ],
            "source_control": [
              {
                "branch": "master",
                "manual_integration": false,
                "repo_url": "",
                "rollback_enabled": false,
                "use_mercurial": false
              }
            ],
            "storage_account_access_key": "passwordbaghlava",
            "storage_account_name": "testaccount",
            "storage_connection_string": "DefaultEndpointsProtocol=https;AccountName=testaccount;AccountKey=passwordbaghlava;EndpointSuffix=core.windows.net",
            "tags": null,
            "timeouts": null,
            "version": "~1"
          },
          "sensitive_attributes": [],
          "private": "eyJlMmJmYjczMC1lY2FhLTExZTYtOGY4OC0zNDM2M2JjN2M0YzAiOnsiY3JlYXRlIjoxODAwMDAwMDAwMDAwLCJkZWxldGUiOjE4MDAwMDAwMDAwMDAsInJlYWQiOjMwMDAwMDAwMDAwMCwidXBkYXRlIjoxODAwMDAwMDAwMDAwfX0=",
          "dependencies": [
            "azurerm_app_service_plan.service_plan",
            "azurerm_resource_group.rg"
          ]
        },
        {
          "index_key": 3,
          "schema_version": 0,
          "attributes": {
            "app_service_plan_id": "/subscriptions/4db1c208-2f01-40b7-bd34-d41e633d409b/resourceGroups/Baghlava/providers/Microsoft.Web/serverfarms/test-app-baghlava",
            "app_settings": {},
            "auth_settings": [
              {
                "active_directory": [],
                "additional_login_params": {},
                "allowed_external_redirect_urls": [],
                "default_provider": "",
                "enabled": false,
                "facebook": [],
                "google": [],
                "issuer": "",
                "microsoft": [],
                "runtime_version": "",
                "token_refresh_extension_hours": 0,
                "token_store_enabled": false,
                "twitter": [],
                "unauthenticated_client_action": ""
              }
            ],
            "client_affinity_enabled": false,
            "client_cert_mode": "",
            "connection_string": [],
            "custom_domain_verification_id": "A22FF1E9DF30454F9FF9956D9843C6277BCFF3E3B2599F3DFB6C8EF24F80393D",
            "daily_memory_time_quota": 0,
            "default_hostname": "function-baghlava-4.azurewebsites.net",
            "enable_builtin_logging": true,
            "enabled": true,
            "https_only": false,
            "id": "/subscriptions/4db1c208-2f01-40b7-bd34-d41e633d409b/resourceGroups/Baghlava/providers/Microsoft.Web/sites/function-baghlava-4",
            "identity": [],
            "kind": "functionapp",
            "location": "westus3",
            "name": "function-baghlava-4",
            "os_type": "",
            "outbound_ip_addresses": "20.14.114.8,20.14.114.65,20.14.114.106,20.14.116.47,20.14.116.68,20.14.116.142,20.118.138.131",
            "possible_outbound_ip_addresses": "20.14.114.8,20.14.114.65,20.14.114.106,20.14.116.47,20.14.116.68,20.14.116.142,20.14.116.204,20.14.116.231,20.14.116.252,20.14.115.100,20.14.117.99,20.14.117.250,20.14.118.41,20.14.118.88,20.14.118.116,20.14.118.126,20.14.118.164,20.14.118.180,20.125.107.218,20.14.118.241,20.14.119.33,20.14.119.110,20.14.119.135,20.14.1.124,20.125.108.210,20.14.113.229,20.14.114.7,20.14.114.69,20.14.117.236,20.14.117.237,20.118.138.131",
            "resource_group_name": "Baghlava",
            "site_config": [
              {
                "always_on": false,
                "auto_swap_slot_name": "",
                "cors": [],
                "ftps_state": "AllAllowed",
                "health_check_path": "",
                "http2_enabled": false,
                "ip_restriction": [],
                "java_version": "",
                "linux_fx_version": "",
                "min_tls_version": "1.2",
                "pre_warmed_instance_count": 0,
                "scm_ip_restriction": [],
                "scm_type": "None",
                "scm_use_main_ip_restriction": false,
                "use_32_bit_worker_process": true,
                "websockets_enabled": false
              }
            ],
            "site_credential": [
              {
                "password": "rsG5GMbQ7pofgvv0BHKTxt7Xhefpi1kYZAbdXrkaClDWhqhqxDDE2zHs6out",
                "username": "$function-baghlava-4"
              }
            ],
            "source_control": [
              {
                "branch": "master",
                "manual_integration": false,
                "repo_url": "",
                "rollback_enabled": false,
                "use_mercurial": false
              }
            ],
            "storage_account_access_key": "passwordbaghlava",
            "storage_account_name": "testaccount",
            "storage_connection_string": "DefaultEndpointsProtocol=https;AccountName=testaccount;AccountKey=passwordbaghlava;EndpointSuffix=core.windows.net",
            "tags": null,
            "timeouts": null,
            "version": "~1"
          },
          "sensitive_attributes": [],
          "private": "eyJlMmJmYjczMC1lY2FhLTExZTYtOGY4OC0zNDM2M2JjN2M0YzAiOnsiY3JlYXRlIjoxODAwMDAwMDAwMDAwLCJkZWxldGUiOjE4MDAwMDAwMDAwMDAsInJlYWQiOjMwMDAwMDAwMDAwMCwidXBkYXRlIjoxODAwMDAwMDAwMDAwfX0=",
          "dependencies": [
            "azurerm_app_service_plan.service_plan",
            "azurerm_resource_group.rg"
          ]
        },
        {
          "index_key": 4,
          "schema_version": 0,
          "attributes": {
            "app_service_plan_id": "/subscriptions/4db1c208-2f01-40b7-bd34-d41e633d409b/resourceGroups/Baghlava/providers/Microsoft.Web/serverfarms/test-app-baghlava",
            "app_settings": {},
            "auth_settings": [
              {
                "active_directory": [],
                "additional_login_params": {},
                "allowed_external_redirect_urls": [],
                "default_provider": "",
                "enabled": false,
                "facebook": [],
                "google": [],
                "issuer": "",
                "microsoft": [],
                "runtime_version": "",
                "token_refresh_extension_hours": 0,
                "token_store_enabled": false,
                "twitter": [],
                "unauthenticated_client_action": ""
              }
            ],
            "client_affinity_enabled": false,
            "client_cert_mode": "",
            "connection_string": [],
            "custom_domain_verification_id": "A22FF1E9DF30454F9FF9956D9843C6277BCFF3E3B2599F3DFB6C8EF24F80393D",
            "daily_memory_time_quota": 0,
            "default_hostname": "function-baghlava-5.azurewebsites.net",
            "enable_builtin_logging": true,
            "enabled": true,
            "https_only": false,
            "id": "/subscriptions/4db1c208-2f01-40b7-bd34-d41e633d409b/resourceGroups/Baghlava/providers/Microsoft.Web/sites/function-baghlava-5",
            "identity": [],
            "kind": "functionapp",
            "location": "westus3",
            "name": "function-baghlava-5",
            "os_type": "",
            "outbound_ip_addresses": "20.14.114.8,20.14.114.65,20.14.114.106,20.14.116.47,20.14.116.68,20.14.116.142,20.118.138.131",
            "possible_outbound_ip_addresses": "20.14.114.8,20.14.114.65,20.14.114.106,20.14.116.47,20.14.116.68,20.14.116.142,20.14.116.204,20.14.116.231,20.14.116.252,20.14.115.100,20.14.117.99,20.14.117.250,20.14.118.41,20.14.118.88,20.14.118.116,20.14.118.126,20.14.118.164,20.14.118.180,20.125.107.218,20.14.118.241,20.14.119.33,20.14.119.110,20.14.119.135,20.14.1.124,20.125.108.210,20.14.113.229,20.14.114.7,20.14.114.69,20.14.117.236,20.14.117.237,20.118.138.131",
            "resource_group_name": "Baghlava",
            "site_config": [
              {
                "always_on": false,
                "auto_swap_slot_name": "",
                "cors": [],
                "ftps_state": "AllAllowed",
                "health_check_path": "",
                "http2_enabled": false,
                "ip_restriction": [],
                "java_version": "",
                "linux_fx_version": "",
                "min_tls_version": "1.2",
                "pre_warmed_instance_count": 0,
                "scm_ip_restriction": [],
                "scm_type": "None",
                "scm_use_main_ip_restriction": false,
                "use_32_bit_worker_process": true,
                "websockets_enabled": false
              }
            ],
            "site_credential": [
              {
                "password": "7dAnu2RGnalgTyRJhoodrBB0wA8vlQucKBir7DAudLpncsDCNStSK6BktGBC",
                "username": "$function-baghlava-5"
              }
            ],
            "source_control": [
              {
                "branch": "master",
                "manual_integration": false,
                "repo_url": "",
                "rollback_enabled": false,
                "use_mercurial": false
              }
            ],
            "storage_account_access_key": "passwordbaghlava",
            "storage_account_name": "testaccount",
            "storage_connection_string": "DefaultEndpointsProtocol=https;AccountName=testaccount;AccountKey=passwordbaghlava;EndpointSuffix=core.windows.net",
            "tags": null,
            "timeouts": null,
            "version": "~1"
          },
          "sensitive_attributes": [],
          "private": "eyJlMmJmYjczMC1lY2FhLTExZTYtOGY4OC0zNDM2M2JjN2M0YzAiOnsiY3JlYXRlIjoxODAwMDAwMDAwMDAwLCJkZWxldGUiOjE4MDAwMDAwMDAwMDAsInJlYWQiOjMwMDAwMDAwMDAwMCwidXBkYXRlIjoxODAwMDAwMDAwMDAwfX0=",
          "dependencies": [
            "azurerm_app_service_plan.service_plan",
            "azurerm_resource_group.rg"
          ]
        }
      ]
    },
    {
      "mode": "managed",
      "type": "azurerm_logic_app_workflow",
      "name": "logic_apps",
      "provider": "provider[\"registry.terraform.io/hashicorp/azurerm\"]",
      "instances": [
        {
          "index_key": 0,
          "schema_version": 0,
          "attributes": {
            "access_endpoint": "https://prod-08.westus3.logic.azure.com:443/workflows/a734ace1c28845768d80509c7f96bb28",
            "connector_endpoint_ip_addresses": [],
            "connector_outbound_ip_addresses": [
              "20.150.129.176/28",
              "20.150.129.192/27",
              "20.150.170.240/28",
              "20.150.173.64/26",
              "20.150.129.192",
              "20.38.173.7",
              "20.106.71.20",
              "20.106.70.224"
            ],
            "id": "/subscriptions/4db1c208-2f01-40b7-bd34-d41e633d409b/resourceGroups/Baghlava/providers/Microsoft.Logic/workflows/logic-baghlava-0",
            "integration_service_environment_id": "",
            "location": "westus3",
            "logic_app_integration_account_id": "",
            "name": "logic-baghlava-0",
            "parameters": null,
            "resource_group_name": "Baghlava",
            "tags": null,
            "timeouts": null,
            "workflow_endpoint_ip_addresses": [
              "20.150.172.240",
              "20.150.172.242",
              "20.150.172.243",
              "20.150.172.241",
              "20.106.116.172",
              "20.106.116.225"
            ],
            "workflow_outbound_ip_addresses": [
              "20.150.181.32",
              "20.150.181.33",
              "20.150.181.34",
              "20.150.181.35",
              "20.150.181.36",
              "20.150.181.37",
              "20.150.181.38",
              "20.150.173.192",
              "20.106.85.228",
              "20.150.159.163",
              "20.106.116.207",
              "20.106.116.186"
            ],
            "workflow_schema": "https://schema.management.azure.com/providers/Microsoft.Logic/schemas/2016-06-01/workflowdefinition.json#",
            "workflow_version": "1.0.0.0"
          },
          "sensitive_attributes": [],
          "private": "eyJlMmJmYjczMC1lY2FhLTExZTYtOGY4OC0zNDM2M2JjN2M0YzAiOnsiY3JlYXRlIjoxODAwMDAwMDAwMDAwLCJkZWxldGUiOjE4MDAwMDAwMDAwMDAsInJlYWQiOjMwMDAwMDAwMDAwMCwidXBkYXRlIjoxODAwMDAwMDAwMDAwfX0=",
          "dependencies": [
            "azurerm_resource_group.rg"
          ]
        },
        {
          "index_key": 1,
          "schema_version": 0,
          "attributes": {
            "access_endpoint": "https://prod-10.westus3.logic.azure.com:443/workflows/8c34f60894a54618b4c225b635908db8",
            "connector_endpoint_ip_addresses": [],
            "connector_outbound_ip_addresses": [
              "20.150.129.176/28",
              "20.150.129.192/27",
              "20.150.170.240/28",
              "20.150.173.64/26",
              "20.150.129.192",
              "20.38.173.7",
              "20.106.71.20",
              "20.106.70.224"
            ],
            "id": "/subscriptions/4db1c208-2f01-40b7-bd34-d41e633d409b/resourceGroups/Baghlava/providers/Microsoft.Logic/workflows/logic-baghlava-1",
            "integration_service_environment_id": "",
            "location": "westus3",
            "logic_app_integration_account_id": "",
            "name": "logic-baghlava-1",
            "parameters": null,
            "resource_group_name": "Baghlava",
            "tags": null,
            "timeouts": null,
            "workflow_endpoint_ip_addresses": [
              "20.150.172.240",
              "20.150.172.242",
              "20.150.172.243",
              "20.150.172.241",
              "20.106.116.172",
              "20.106.116.225"
            ],
            "workflow_outbound_ip_addresses": [
              "20.150.181.32",
              "20.150.181.33",
              "20.150.181.34",
              "20.150.181.35",
              "20.150.181.36",
              "20.150.181.37",
              "20.150.181.38",
              "20.150.173.192",
              "20.106.85.228",
              "20.150.159.163",
              "20.106.116.207",
              "20.106.116.186"
            ],
            "workflow_schema": "https://schema.management.azure.com/providers/Microsoft.Logic/schemas/2016-06-01/workflowdefinition.json#",
            "workflow_version": "1.0.0.0"
          },
          "sensitive_attributes": [],
          "private": "eyJlMmJmYjczMC1lY2FhLTExZTYtOGY4OC0zNDM2M2JjN2M0YzAiOnsiY3JlYXRlIjoxODAwMDAwMDAwMDAwLCJkZWxldGUiOjE4MDAwMDAwMDAwMDAsInJlYWQiOjMwMDAwMDAwMDAwMCwidXBkYXRlIjoxODAwMDAwMDAwMDAwfX0=",
          "dependencies": [
            "azurerm_resource_group.rg"
          ]
        }
      ]
    },
    {
      "mode": "managed",
      "type": "azurerm_resource_group",
      "name": "rg",
      "provider": "provider[\"registry.terraform.io/hashicorp/azurerm\"]",
      "instances": [
        {
          "schema_version": 0,
          "attributes": {
            "id": "/subscriptions/4db1c208-2f01-40b7-bd34-d41e633d409b/resourceGroups/Baghlava",
            "location": "westus3",
            "name": "Baghlava",
            "tags": null,
            "timeouts": null
          },
          "sensitive_attributes": [],
          "private": "eyJlMmJmYjczMC1lY2FhLTExZTYtOGY4OC0zNDM2M2JjN2M0YzAiOnsiY3JlYXRlIjo1NDAwMDAwMDAwMDAwLCJkZWxldGUiOjU0MDAwMDAwMDAwMDAsInJlYWQiOjMwMDAwMDAwMDAwMCwidXBkYXRlIjo1NDAwMDAwMDAwMDAwfX0="
        }
      ]
    },
    {
      "mode": "managed",
      "type": "azurerm_sql_firewall_rule",
      "name": "firewall",
      "provider": "provider[\"registry.terraform.io/hashicorp/azurerm\"]",
      "instances": [
        {
          "schema_version": 0,
          "attributes": {
            "end_ip_address": "0.0.0.0",
            "id": "/subscriptions/4db1c208-2f01-40b7-bd34-d41e633d409b/resourceGroups/Baghlava/providers/Microsoft.Sql/servers/lolsqlserverworks/firewallRules/test-firewall-baghlava",
            "name": "test-firewall-baghlava",
            "resource_group_name": "Baghlava",
            "server_name": "lolsqlserverworks",
            "start_ip_address": "0.0.0.0",
            "timeouts": null
          },
          "sensitive_attributes": [],
          "private": "eyJlMmJmYjczMC1lY2FhLTExZTYtOGY4OC0zNDM2M2JjN2M0YzAiOnsiY3JlYXRlIjoxODAwMDAwMDAwMDAwLCJkZWxldGUiOjE4MDAwMDAwMDAwMDAsInJlYWQiOjMwMDAwMDAwMDAwMCwidXBkYXRlIjoxODAwMDAwMDAwMDAwfX0=",
          "dependencies": [
            "azurerm_resource_group.rg",
            "azurerm_sql_server.sql_server"
          ]
        }
      ]
    },
    {
      "mode": "managed",
      "type": "azurerm_sql_server",
      "name": "sql_server",
      "provider": "provider[\"registry.terraform.io/hashicorp/azurerm\"]",
      "instances": [
        {
          "schema_version": 0,
          "attributes": {
            "administrator_login": "logintobaghlava",
            "administrator_login_password": "passwordBaghlava9",
            "connection_policy": "Default",
            "extended_auditing_policy": [],
            "fully_qualified_domain_name": "lolsqlserverworks.database.windows.net",
            "id": "/subscriptions/4db1c208-2f01-40b7-bd34-d41e633d409b/resourceGroups/Baghlava/providers/Microsoft.Sql/servers/lolsqlserverworks",
            "identity": [],
            "location": "westus3",
            "name": "lolsqlserverworks",
            "resource_group_name": "Baghlava",
            "tags": null,
            "timeouts": null,
            "version": "12.0"
          },
          "sensitive_attributes": [],
          "private": "eyJlMmJmYjczMC1lY2FhLTExZTYtOGY4OC0zNDM2M2JjN2M0YzAiOnsiY3JlYXRlIjozNjAwMDAwMDAwMDAwLCJkZWxldGUiOjM2MDAwMDAwMDAwMDAsInJlYWQiOjMwMDAwMDAwMDAwMCwidXBkYXRlIjozNjAwMDAwMDAwMDAwfX0=",
          "dependencies": [
            "azurerm_resource_group.rg"
          ]
        }
      ]
    },
    {
      "mode": "managed",
      "type": "azurerm_virtual_network",
      "name": "vnet",
      "provider": "provider[\"registry.terraform.io/hashicorp/azurerm\"]",
      "instances": [
        {
          "schema_version": 0,
          "attributes": {
            "address_space": [
              "10.0.0.0/16"
            ],
            "bgp_community": "",
            "ddos_protection_plan": [],
            "dns_servers": [],
            "guid": "f85b07c0-1598-46df-a48a-6d5ff2d3e55e",
            "id": "/subscriptions/4db1c208-2f01-40b7-bd34-d41e633d409b/resourceGroups/Baghlava/providers/Microsoft.Network/virtualNetworks/Baghlava-vnet",
            "location": "westus3",
            "name": "Baghlava-vnet",
            "resource_group_name": "Baghlava",
            "subnet": [],
            "tags": null,
            "timeouts": null,
            "vm_protection_enabled": false
          },
          "sensitive_attributes": [],
          "private": "eyJlMmJmYjczMC1lY2FhLTExZTYtOGY4OC0zNDM2M2JjN2M0YzAiOnsiY3JlYXRlIjoxODAwMDAwMDAwMDAwLCJkZWxldGUiOjE4MDAwMDAwMDAwMDAsInJlYWQiOjMwMDAwMDAwMDAwMCwidXBkYXRlIjoxODAwMDAwMDAwMDAwfX0=",
          "dependencies": [
            "azurerm_resource_group.rg"
          ]
        }
      ]
    }
  ],
  "check_results": null
}
